{
  "nodes": {
    "bibata-cursor": {
      "flake": false,
      "locked": {
        "lastModified": 1738046050,
        "narHash": "sha256-p36pHyoVOcDPm/tbk8YKsL+ItTaVKrGTfQ8zp022mGA=",
        "owner": "rtgiskard",
        "repo": "bibata_cursor",
        "rev": "f4ccfe8abb63fddc7b3ce51a866fd8378395cb3d",
        "type": "github"
      },
      "original": {
        "owner": "rtgiskard",
        "repo": "bibata_cursor",
        "type": "github"
      }
    },
    "home-manager": {
      "inputs": {
        "nixpkgs": [
          "nixpkgs"
        ]
      },
      "locked": {
        "lastModified": 1790773167,
        "narHash": "sha256-FFVXr+ZhXM7TX/mCDefBHeW1obGLYerLIT6cFw5/sEA=",
        "owner": "nix-community",
        "repo": "home-manager",
        "rev": "7d46509d83e9737cbb4786183df09bb29e23745c",
        "type": "github"
      },
      "original": {
        "owner": "nix-community",
        "repo": "home-manager",
        "type": "github"
      }
    },
    "nix-darwin": {
      "inputs": {
        "nixpkgs": [
          "nixpkgs"
        ]
      },
      "locked": {
        "lastModified": 1786845137,
        "narHash": "sha256-oQFip+v0luP8NIxJzmiW4Wu8bILsbFWom5l0zonl8hQ=",
        "owner": "nix-darwin",
        "repo": "nix-darwin",
        "rev": "4cff07de74b50e64bdd68cd4e722ab5b6b35ee48",
        "type": "github"
      },
      "original": {
        "owner": "nix-darwin",
        "ref": "master",
        "repo": "nix-darwin",
        "type": "github"
      }
    },
    "nixpkgs": {
      "locked": {
        "lastModified": 1790689126,
        "narHash": "sha256-ilerN1WLSvF+HMjziC/Wv99J5y02maDH+6hZPwsORKg=",
        "owner": "NixOS",
        "repo": "nixpkgs",
        "rev": "b4fd65b198c599cbe814fcb9f42d25d021595ec9",
        "type": "github"
      },
      "original": {
        "owner": "NixOS",
        "ref": "nixos-unstable",
        "repo": "nixpkgs",
        "type": "github"
      }
    },
    "omp": {
      "inputs": {
        "nixpkgs": [
          "nixpkgs"
        ]
      },
      "locked": {
        "lastModified": 1790715112,
        "narHash": "sha256-wqvWkZuJYAAk4ndUQcsON4x8u5TO5/XTqZBVBUJ93mI=",
        "owner": "rikkichy",
        "repo": "oh-my-pi-flake",
        "rev": "307c681f4f7f3de8c236069066895e7579808da6",
        "type": "github"
      },
      "original": {
        "owner": "rikkichy",
        "repo": "oh-my-pi-flake",
        "type": "github"
      }
    },
    "openwave": {
      "inputs": {
        "nixpkgs": [
          "nixpkgs"
        ],
        "rust-overlay": "rust-overlay"
      },
      "locked": {
        "lastModified": 1790679061,
        "narHash": "sha256-SdSdZMqOo4ROZEMyGLsxtXSnKBFa4SbBezOH9+aMq2A=",
        "owner": "rikkichy",
        "repo": "openwave",
        "rev": "4172c71db3e0b929571d02c06bbcb3456726e5e2",
        "type": "github"
      },
      "original": {
        "owner": "rikkichy",
        "repo": "openwave",
        "type": "github"
      }
    },
    "root": {
      "inputs": {
        "bibata-cursor": "bibata-cursor",
        "home-manager": "home-manager",
        "nix-darwin": "nix-darwin",
        "nixpkgs": "nixpkgs",
        "omp": "omp",
        "openwave": "openwave",
        "sops-nix": "sops-nix",
        "spicetify-nix": "spicetify-nix",
        "tg-ws-proxy": "tg-ws-proxy",
        "vhelper": "vhelper",
        "vts-opendeck": "vts-opendeck"
      }
    },
    "rust-overlay": {
      "inputs": {
        "nixpkgs": [
          "openwave",
          "nixpkgs"
        ]
      },
      "locked": {
        "lastModified": 1788851328,
        "narHash": "sha256-YOwlUD0Lt/3SulKhZ7z0Jmgbq/DWh8SjnGwUlFSw+YM=",
        "owner": "oxalica",
        "repo": "rust-overlay",
        "rev": "6ae57a71bcb0bebc7a66cc2bd76942c4cf649167",
        "type": "github"
      },
      "original": {
        "owner": "oxalica",
        "repo": "rust-overlay",
        "type": "github"
      }
    },
    "sops-nix": {
      "inputs": {
        "nixpkgs": [
          "nixpkgs"
        ]
      },
      "locked": {
        "lastModified": 1790498116,
        "narHash": "sha256-rs9meAYxW3zzrh43yaW7htrqCD+X9+pupDPHN86fumI=",
        "owner": "Mic92",
        "repo": "sops-nix",
        "rev": "5efb5a6f4f5ab192817d28557dd4d650fa14d866",
        "type": "github"
      },
      "original": {
        "owner": "Mic92",
        "repo": "sops-nix",
        "type": "github"
      }
    },
    "spicetify-nix": {
      "inputs": {
        "nixpkgs": [
          "nixpkgs"
        ],
        "systems": "systems"
      },
      "locked": {
        "lastModified": 1790502898,
        "narHash": "sha256-eR6P8ZCyYqrdvuOANIOE78t4qqm6wSTBKLP/aW8nwJE=",
        "owner": "Gerg-L",
        "repo": "spicetify-nix",
        "rev": "d508ccfa23820d032589bd65345bf5b6d9ea842f",
        "type": "github"
      },
      "original": {
        "owner": "Gerg-L",
        "repo": "spicetify-nix",
        "type": "github"
      }
    },
    "systems": {
      "locked": {
        "lastModified": 1681028828,
        "narHash": "sha256-Vy1rq5AaRuLzOxct8nz4T6wlgyUR7zLU309k9mBC768=",
        "owner": "nix-systems",
        "repo": "default",
        "rev": "da67096a3b9bf56a91d16901293e51ba5b49a27e",
        "type": "github"
      },
      "original": {
        "owner": "nix-systems",
        "repo": "default",
        "type": "github"
      }
    },
    "tg-ws-proxy": {
      "flake": false,
      "locked": {
        "lastModified": 1790101613,
        "narHash": "sha256-c/A66gt5buAbdOBlZ3cVwXfKsHPHdXYJAXGxXObg6Ok=",
        "owner": "Flowseal",
        "repo": "tg-ws-proxy",
        "rev": "caa949bee0873d2b95dfb4fbeb1b7868b0ee3843",
        "type": "github"
      },
      "original": {
        "owner": "Flowseal",
        "repo": "tg-ws-proxy",
        "type": "github"
      }
    },
    "vhelper": {
      "inputs": {
        "nixpkgs": [
          "nixpkgs"
        ]
      },
      "locked": {
        "lastModified": 1788553103,
        "narHash": "sha256-2ygHl0LXzd3N6SbhBHWhnkMsF9cUSVjBajCntSDJubQ=",
        "owner": "rikkichy",
        "repo": "vhelper",
        "rev": "16aaf66ddd8efaf100fe360508ee222ef65921ce",
        "type": "github"
      },
      "original": {
        "owner": "rikkichy",
        "repo": "vhelper",
        "type": "github"
      }
    },
    "vts-opendeck": {
      "inputs": {
        "nixpkgs": [
          "nixpkgs"
        ]
      },
      "locked": {
        "lastModified": 1790880501,
        "narHash": "sha256-gULYDLUiH4J5fHJXg07ZMGm6KH/VJunznUriWOiB3IQ=",
        "owner": "rikkichy",
        "repo": "vts-opendeck",
        "rev": "c7aef7ec0757d1274d9b22f00525cb44df16c80a",
        "type": "github"
      },
      "original": {
        "owner": "rikkichy",
        "repo": "vts-opendeck",
        "type": "github"
      }
    }
  },
  "root": "root",
  "version": 7
}
