{
  "nodes": {
    "caelestia-cli": {
      "inputs": {
        "caelestia-shell": [
          "caelestia-shell"
        ],
        "nixpkgs": [
          "caelestia-shell",
          "nixpkgs"
        ]
      },
      "locked": {
        "lastModified": 1785555198,
        "narHash": "sha256-qR5i58eQTPUYeqvm4OD1pYYDwYjJWuSdCp+0RVlJj/M=",
        "owner": "caelestia-dots",
        "repo": "cli",
        "rev": "1a228f9b5566a6e8777a78b086284390357e3640",
        "type": "github"
      },
      "original": {
        "owner": "caelestia-dots",
        "repo": "cli",
        "type": "github"
      }
    },
    "caelestia-shell": {
      "inputs": {
        "caelestia-cli": "caelestia-cli",
        "m3shapes": "m3shapes",
        "nixpkgs": [
          "nixpkgs"
        ],
        "quickshell": "quickshell"
      },
      "locked": {
        "lastModified": 1786013040,
        "narHash": "sha256-/RABHr0dLEjX0Nktpe36Wdg8IUbc3BQLu/Hm4DOmPNI=",
        "owner": "caelestia-dots",
        "repo": "shell",
        "rev": "94d5eb9e6fe9c6b1f69e663d9ed410a441e2d67f",
        "type": "github"
      },
      "original": {
        "owner": "caelestia-dots",
        "repo": "shell",
        "type": "github"
      }
    },
    "home-manager": {
      "inputs": {
        "nixpkgs": [
          "nixpkgs"
        ]
      },
      "locked": {
        "lastModified": 1786031233,
        "narHash": "sha256-TIDlLTLI1/pB7IqgjzcKQjpODQsZE2oII4XGG9B6KjI=",
        "owner": "nix-community",
        "repo": "home-manager",
        "rev": "7834e82588860aaf780cec1366524456a70898d7",
        "type": "github"
      },
      "original": {
        "owner": "nix-community",
        "repo": "home-manager",
        "type": "github"
      }
    },
    "m3shapes": {
      "flake": false,
      "locked": {
        "lastModified": 1781017666,
        "narHash": "sha256-kfHyzZaPHgqZML48OA+5JwBOsLdQJ2ci/aGPShvUB4Y=",
        "owner": "soramanew",
        "repo": "m3shapes",
        "rev": "bdc327b29f95394a732baf3c9b19658ba23755b6",
        "type": "github"
      },
      "original": {
        "owner": "soramanew",
        "repo": "m3shapes",
        "rev": "bdc327b29f95394a732baf3c9b19658ba23755b6",
        "type": "github"
      }
    },
    "nixpkgs": {
      "locked": {
        "lastModified": 1785967620,
        "narHash": "sha256-IItrdb7Puk05RqOBWZYFC5X6Wl1sJmCfh5MWVHw5iMM=",
        "owner": "NixOS",
        "repo": "nixpkgs",
        "rev": "b7c2ada94fe99c15b0dbcf4d11fd7850b957a436",
        "type": "github"
      },
      "original": {
        "owner": "NixOS",
        "ref": "nixos-unstable",
        "repo": "nixpkgs",
        "type": "github"
      }
    },
    "openwave": {
      "inputs": {
        "nixpkgs": [
          "nixpkgs"
        ]
      },
      "locked": {
        "lastModified": 1786019233,
        "narHash": "sha256-wJKmh9dj4ULsGWLvIh6L0cUQp37pvCjkAvMz+KHG+CE=",
        "owner": "rikkichy",
        "repo": "openwave",
        "rev": "b3fe90974dd084c6145160963d9a18a3e719a9de",
        "type": "github"
      },
      "original": {
        "owner": "rikkichy",
        "repo": "openwave",
        "type": "github"
      }
    },
    "quickshell": {
      "inputs": {
        "nixpkgs": [
          "caelestia-shell",
          "nixpkgs"
        ]
      },
      "locked": {
        "lastModified": 1785134238,
        "narHash": "sha256-bv5gar+ZAXZCJH7UOv0eRFILKt5RKA/3px/XbVR98Cg=",
        "ref": "refs/heads/master",
        "rev": "43d4fa9e883cb03239b3d578c9c57070f4fbd281",
        "revCount": 834,
        "type": "git",
        "url": "https://git.outfoxxed.me/outfoxxed/quickshell"
      },
      "original": {
        "type": "git",
        "url": "https://git.outfoxxed.me/outfoxxed/quickshell"
      }
    },
    "root": {
      "inputs": {
        "caelestia-shell": "caelestia-shell",
        "home-manager": "home-manager",
        "nixpkgs": "nixpkgs",
        "openwave": "openwave",
        "tg-ws-proxy": "tg-ws-proxy",
        "vhelper": "vhelper"
      }
    },
    "tg-ws-proxy": {
      "flake": false,
      "locked": {
        "lastModified": 1786100653,
        "narHash": "sha256-ZePRbuUyydgwgoBXAfO0ZeYkJd+tFLrWUdYBez3ROb8=",
        "owner": "Flowseal",
        "repo": "tg-ws-proxy",
        "rev": "fba86856db45fce6032fbaa902ced0f89a4f43bf",
        "type": "github"
      },
      "original": {
        "owner": "Flowseal",
        "repo": "tg-ws-proxy",
        "type": "github"
      }
    },
    "vhelper": {
      "inputs": {
        "nixpkgs": [
          "nixpkgs"
        ]
      },
      "locked": {
        "lastModified": 1785959987,
        "narHash": "sha256-lJnZvRS6IE3SjDhKwj2u06uHA/pJyNPo5BOlwPr+lug=",
        "owner": "rikkichy",
        "repo": "vhelper",
        "rev": "c487e00072f51167942abdb95d92418bb3356419",
        "type": "github"
      },
      "original": {
        "owner": "rikkichy",
        "repo": "vhelper",
        "type": "github"
      }
    }
  },
  "root": "root",
  "version": 7
}
