{
  "nodes": {
    "bibata-cursor": {
      "flake": false,
      "locked": {
        "lastModified": 1738046050,
        "narHash": "sha256-p36pHyoVOcDPm/tbk8YKsL+ItTaVKrGTfQ8zp022mGA=",
        "owner": "rtgiskard",
        "repo": "bibata_cursor",
        "rev": "f4ccfe8abb63fddc7b3ce51a866fd8378395cb3d",
        "type": "github"
      },
      "original": {
        "owner": "rtgiskard",
        "repo": "bibata_cursor",
        "type": "github"
      }
    },
    "helium": {
      "inputs": {
        "nixpkgs": [
          "nixpkgs"
        ]
      },
      "locked": {
        "lastModified": 1787301512,
        "narHash": "sha256-VYbNaWAcwK9G+mq3jmqyCu6t4zUNUOTT8PXB3pj7XgA=",
        "owner": "oxcl",
        "repo": "nix-flake-helium-browser",
        "rev": "4fe9ac832466143224203f896a3a38aa8c73b611",
        "type": "github"
      },
      "original": {
        "owner": "oxcl",
        "repo": "nix-flake-helium-browser",
        "type": "github"
      }
    },
    "home-manager": {
      "inputs": {
        "nixpkgs": [
          "nixpkgs"
        ]
      },
      "locked": {
        "lastModified": 1787379775,
        "narHash": "sha256-XL2qfqmocfsvuEGyomZg4nOZfkuSe8vZtrOX99I+b6I=",
        "owner": "nix-community",
        "repo": "home-manager",
        "rev": "ec1a8fdf74ed3f276148ee106299a2ba0e65d51f",
        "type": "github"
      },
      "original": {
        "owner": "nix-community",
        "repo": "home-manager",
        "type": "github"
      }
    },
    "nixpkgs": {
      "locked": {
        "lastModified": 1787360063,
        "narHash": "sha256-dt4WdcvsA8/RCe+VZZwqU0X+XMM3wBbGCWA0/sFWzGo=",
        "owner": "NixOS",
        "repo": "nixpkgs",
        "rev": "2c423e03bbafcff28bfadc6781a4a8257f205cb5",
        "type": "github"
      },
      "original": {
        "owner": "NixOS",
        "ref": "nixos-unstable",
        "repo": "nixpkgs",
        "type": "github"
      }
    },
    "openwave": {
      "inputs": {
        "nixpkgs": [
          "nixpkgs"
        ]
      },
      "locked": {
        "lastModified": 1787057679,
        "narHash": "sha256-wt1TMh0HaxBZLWbjeKEMPWb00ehimvTg7sTaYVNQaoM=",
        "owner": "rikkichy",
        "repo": "openwave",
        "rev": "76028757d4518992d60db9ed1fc1ca235cdb3ec0",
        "type": "github"
      },
      "original": {
        "owner": "rikkichy",
        "repo": "openwave",
        "type": "github"
      }
    },
    "root": {
      "inputs": {
        "bibata-cursor": "bibata-cursor",
        "helium": "helium",
        "home-manager": "home-manager",
        "nixpkgs": "nixpkgs",
        "openwave": "openwave",
        "tg-ws-proxy": "tg-ws-proxy",
        "vhelper": "vhelper"
      }
    },
    "tg-ws-proxy": {
      "flake": false,
      "locked": {
        "lastModified": 1786621733,
        "narHash": "sha256-ZqOn4ya2jQwwJq4oCI6d0+y4fy1kO4dboWQTAowhuhc=",
        "owner": "Flowseal",
        "repo": "tg-ws-proxy",
        "rev": "b2a8074c59c52cabde7fe295280b614cc6c01fce",
        "type": "github"
      },
      "original": {
        "owner": "Flowseal",
        "repo": "tg-ws-proxy",
        "type": "github"
      }
    },
    "vhelper": {
      "inputs": {
        "nixpkgs": [
          "nixpkgs"
        ]
      },
      "locked": {
        "lastModified": 1785959987,
        "narHash": "sha256-lJnZvRS6IE3SjDhKwj2u06uHA/pJyNPo5BOlwPr+lug=",
        "owner": "rikkichy",
        "repo": "vhelper",
        "rev": "c487e00072f51167942abdb95d92418bb3356419",
        "type": "github"
      },
      "original": {
        "owner": "rikkichy",
        "repo": "vhelper",
        "type": "github"
      }
    }
  },
  "root": "root",
  "version": 7
}
